[dynamic]
path = "../../../../wit"
sha256 = "d2990b9cbe92aefb33e74d37aa601eb821214d0b811526598241936620f67f34"
sha512 = "cec5ee06a35512c2fadf8cfb75cb879a5f554baf24eeac070ad1218d6751403a25640ef68505756103c7c87bcd1ea009283b200f849095ba4e0139d05125347b"
deps = ["io"]

[io]
sha256 = "7210e5653539a15478f894d4da24cc69d61924cbcba21d2804d69314a88e5a4c"
sha512 = "49184a1b0945a889abd52d25271172ed3dc2db6968fcdddb1bab7ee0081f4a3eeee0977ad2291126a37631c0d86eeea75d822fa8af224c422134500bf9f0f2bb"
